// !$*UTF8*$!
{
	archiveVersion = 1;
	classes = {
	};
	objectVersion = 46;
	objects = {

/* Begin PBXBuildFile section */
		A904C2861D349D7D00EAE86D /* AppDelegate.swift in Sources */ = {isa = PBXBuildFile; fileRef = A904C2851D349D7D00EAE86D /* AppDelegate.swift */; };
		A904C2881D349D7D00EAE86D /* ViewController.swift in Sources */ = {isa = PBXBuildFile; fileRef = A904C2871D349D7D00EAE86D /* ViewController.swift */; };
		A904C28B1D349D7D00EAE86D /* Main.storyboard in Resources */ = {isa = PBXBuildFile; fileRef = A904C2891D349D7D00EAE86D /* Main.storyboard */; };
		A904C28D1D349D7D00EAE86D /* Assets.xcassets in Resources */ = {isa = PBXBuildFile; fileRef = A904C28C1D349D7D00EAE86D /* Assets.xcassets */; };
		A904C2901D349D7D00EAE86D /* LaunchScreen.storyboard in Resources */ = {isa = PBXBuildFile; fileRef = A904C28E1D349D7D00EAE86D /* LaunchScreen.storyboard */; };
/* End PBXBuildFile section */

/* Begin PBXFileReference section */
		A904C2821D349D7D00EAE86D /* Template.app */ = {isa = PBXFileReference; explicitFileType = wrapper.application; includeInIndex = 0; path = Template.app; sourceTree = BUILT_PRODUCTS_DIR; };
		A904C2851D349D7D00EAE86D /* AppDelegate.swift */ = {isa = PBXFileReference; lastKnownFileType = sourcecode.swift; path = AppDelegate.swift; sourceTree = "<group>"; };
		A904C2871D349D7D00EAE86D /* ViewController.swift */ = {isa = PBXFileReference; lastKnownFileType = sourcecode.swift; path = ViewController.swift; sourceTree = "<group>"; };
		A904C28A1D349D7D00EAE86D /* Base */ = {isa = PBXFileReference; lastKnownFileType = file.storyboard; name = Base; path = Base.lproj/Main.storyboard; sourceTree = "<group>"; };
		A904C28C1D349D7D00EAE86D /* Assets.xcassets */ = {isa = PBXFileReference; lastKnownFileType = folder.assetcatalog; path = Assets.xcassets; sourceTree = "<group>"; };
		A904C28F1D349D7D00EAE86D /* Base */ = {isa = PBXFileReference; lastKnownFileType = file.storyboard; name = Base; path = Base.lproj/LaunchScreen.storyboard; sourceTree = "<group>"; };
		A904C2911D349D7D00EAE86D /* Info.plist */ = {isa = PBXFileReference; lastKnownFileType = text.plist.xml; path = Info.plist; sourceTree = "<group>"; };
/* End PBXFileReference section */

/* Begin PBXFrameworksBuildPhase section */
		A904C27F1D349D7D00EAE86D /* Frameworks */ = {
			isa = PBXFrameworksBuildPhase;
			buildActionMask = 2147483647;
			files = (
			);
			runOnlyForDeploymentPostprocessing = 0;
		};
/* End PBXFrameworksBuildPhase section */

/* Begin PBXGroup section */
		A904C2791D349D7D00EAE86D = {
			isa = PBXGroup;
			children = (
				A904C2841D349D7D00EAE86D /* Template */,
				A904C2831D349D7D00EAE86D /* Products */,
			);
			sourceTree = "<group>";
		};
		A904C2831D349D7D00EAE86D /* Products */ = {
			isa = PBXGroup;
			children = (
				A904C2821D349D7D00EAE86D /* Template.app */,
			);
			name = Products;
			sourceTree = "<group>";
		};
		A904C2841D349D7D00EAE86D /* Template */ = {
			isa = PBXGroup;
			children = (
				A904C2851D349D7D00EAE86D /* AppDelegate.swift */,
				A904C2871D349D7D00EAE86D /* ViewController.swift */,
				A904C2891D349D7D00EAE86D /* Main.storyboard */,
				A904C28C1D349D7D00EAE86D /* Assets.xcassets */,
				A904C28E1D349D7D00EAE86D /* LaunchScreen.storyboard */,
				A904C2911D349D7D00EAE86D /* Info.plist */,
			);
			path = Template;
			sourceTree = "<group>";
		};
/* End PBXGroup section */

/* Begin PBXNativeTarget section */
		A904C2811D349D7D00EAE86D /* Template */ = {
			isa = PBXNativeTarget;
			buildConfigurationList = A904C2941D349D7D00EAE86D /* Build configuration list for PBXNativeTarget "Template" */;
			buildPhases = (
				A904C27E1D349D7D00EAE86D /* Sources */,
				A904C27F1D349D7D00EAE86D /* Frameworks */,
				A904C2801D349D7D00EAE86D /* Resources */,
			);
			buildRules = (
			);
			dependencies = (
			);
			name = Template;
			productName = Template;
			productReference = A904C2821D349D7D00EAE86D /* Template.app */;
			productType = "com.apple.product-type.application";
		};
/* End PBXNativeTarget section */

/* Begin PBXProject section */
		A904C27A1D349D7D00EAE86D /* Project object */ = {
			isa = PBXProject;
			attributes = {
				LastSwiftUpdateCheck = 0720;
				LastUpgradeCheck = 0720;
				ORGANIZATIONNAME = "Weasley Qi";
				TargetAttributes = {
					A904C2811D349D7D00EAE86D = {
						CreatedOnToolsVersion = 7.2;
					};
				};
			};
			buildConfigurationList = A904C27D1D349D7D00EAE86D /* Build configuration list for PBXProject "Template" */;
			compatibilityVersion = "Xcode 3.2";
			developmentRegion = English;
			hasScannedForEncodings = 0;
			knownRegions = (
				en,
				Base,
			);
			mainGroup = A904C2791D349D7D00EAE86D;
			productRefGroup = A904C2831D349D7D00EAE86D /* Products */;
			projectDirPath = "";
			projectRoot = "";
			targets = (
				A904C2811D349D7D00EAE86D /* Template */,
			);
		};
/* End PBXProject section */

/* Begin PBXResourcesBuildPhase section */
		A904C2801D349D7D00EAE86D /* Resources */ = {
			isa = PBXResourcesBuildPhase;
			buildActionMask = 2147483647;
			files = (
				A904C2901D349D7D00EAE86D /* LaunchScreen.storyboard in Resources */,
				A904C28D1D349D7D00EAE86D /* Assets.xcassets in Resources */,
				A904C28B1D349D7D00EAE86D /* Main.storyboard in Resources */,
			);
			runOnlyForDeploymentPostprocessing = 0;
		};
/* End PBXResourcesBuildPhase section */

/* Begin PBXSourcesBuildPhase section */
		A904C27E1D349D7D00EAE86D /* Sources */ = {
			isa = PBXSourcesBuildPhase;
			buildActionMask = 2147483647;
			files = (
				A904C2881D349D7D00EAE86D /* ViewController.swift in Sources */,
				A904C2861D349D7D00EAE86D /* AppDelegate.swift in Sources */,
			);
			runOnlyForDeploymentPostprocessing = 0;
		};
/* End PBXSourcesBuildPhase section */

/* Begin PBXVariantGroup section */
		A904C2891D349D7D00EAE86D /* Main.storyboard */ = {
			isa = PBXVariantGroup;
			children = (
				A904C28A1D349D7D00EAE86D /* Base */,
			);
			name = Main.storyboard;
			sourceTree = "<group>";
		};
		A904C28E1D349D7D00EAE86D /* LaunchScreen.storyboard */ = {
			isa = PBXVariantGroup;
			children = (
				A904C28F1D349D7D00EAE86D /* Base */,
			);
			name = LaunchScreen.storyboard;
			sourceTree = "<group>";
		};
/* End PBXVariantGroup section */

/* Begin XCBuildConfiguration section */
		A904C2921D349D7D00EAE86D /* Debug */ = {
			isa = XCBuildConfiguration;
			buildSettings = {
				ALWAYS_SEARCH_USER_PATHS = NO;
				CLANG_CXX_LANGUAGE_STANDARD = "gnu++0x";
				CLANG_CXX_LIBRARY = "libc++";
				CLANG_ENABLE_MODULES = YES;
				CLANG_ENABLE_OBJC_ARC = YES;
				CLANG_WARN_BOOL_CONVERSION = YES;
				CLANG_WARN_CONSTANT_CONVERSION = YES;
				CLANG_WARN_DIRECT_OBJC_ISA_USAGE = YES_ERROR;
				CLANG_WARN_EMPTY_BODY = YES;
				CLANG_WARN_ENUM_CONVERSION = YES;
				CLANG_WARN_INT_CONVERSION = YES;
				CLANG_WARN_OBJC_ROOT_CLASS = YES_ERROR;
				CLANG_WARN_UNREACHABLE_CODE = YES;
				CLANG_WARN__DUPLICATE_METHOD_MATCH = YES;
				"CODE_SIGN_IDENTITY[sdk=iphoneos*]" = "iPhone Developer";
				COPY_PHASE_STRIP = NO;
				DEBUG_INFORMATION_FORMAT = dwarf;
				ENABLE_STRICT_OBJC_MSGSEND = YES;
				ENABLE_TESTABILITY = YES;
				GCC_C_LANGUAGE_STANDARD = gnu99;
				GCC_DYNAMIC_NO_PIC = NO;
				GCC_NO_COMMON_BLOCKS = YES;
				GCC_OPTIMIZATION_LEVEL = 0;
				GCC_PREPROCESSOR_DEFINITIONS = (
					"DEBUG=1",
					"$(inherited)",
				);
				GCC_WARN_64_TO_32_BIT_CONVERSION = YES;
				GCC_WARN_ABOUT_RETURN_TYPE = YES_ERROR;
				GCC_WARN_UNDECLARED_SELECTOR = YES;
				GCC_WARN_UNINITIALIZED_AUTOS = YES_AGGRESSIVE;
				GCC_WARN_UNUSED_FUNCTION = YES;
				GCC_WARN_UNUSED_VARIABLE = YES;
				IPHONEOS_DEPLOYMENT_TARGET = 9.2;
				MTL_ENABLE_DEBUG_INFO = YES;
				ONLY_ACTIVE_ARCH = YES;
				SDKROOT = iphoneos;
				SWIFT_OPTIMIZATION_LEVEL = "-Onone";
			};
			name = Debug;
		};
		A904C2931D349D7D00EAE86D /* Release */ = {
			isa = XCBuildConfiguration;
			buildSettings = {
				ALWAYS_SEARCH_USER_PATHS = NO;
				CLANG_CXX_LANGUAGE_STANDARD = "gnu++0x";
				CLANG_CXX_LIBRARY = "libc++";
				CLANG_ENABLE_MODULES = YES;
				CLANG_ENABLE_OBJC_ARC = YES;
				CLANG_WARN_BOOL_CONVERSION = YES;
				CLANG_WARN_CONSTANT_CONVERSION = YES;
				CLANG_WARN_DIRECT_OBJC_ISA_USAGE = YES_ERROR;
				CLANG_WARN_EMPTY_BODY = YES;
				CLANG_WARN_ENUM_CONVERSION = YES;
				CLANG_WARN_INT_CONVERSION = YES;
				CLANG_WARN_OBJC_ROOT_CLASS = YES_ERROR;
				CLANG_WARN_UNREACHABLE_CODE = YES;
				CLANG_WARN__DUPLICATE_METHOD_MATCH = YES;
				"CODE_SIGN_IDENTITY[sdk=iphoneos*]" = "iPhone Developer";
				COPY_PHASE_STRIP = NO;
				DEBUG_INFORMATION_FORMAT = "dwarf-with-dsym";
				ENABLE_NS_ASSERTIONS = NO;
				ENABLE_STRICT_OBJC_MSGSEND = YES;
				GCC_C_LANGUAGE_STANDARD = gnu99;
				GCC_NO_COMMON_BLOCKS = YES;
				GCC_WARN_64_TO_32_BIT_CONVERSION = YES;
				GCC_WARN_ABOUT_RETURN_TYPE = YES_ERROR;
				GCC_WARN_UNDECLARED_SELECTOR = YES;
				GCC_WARN_UNINITIALIZED_AUTOS = YES_AGGRESSIVE;
				GCC_WARN_UNUSED_FUNCTION = YES;
				GCC_WARN_UNUSED_VARIABLE = YES;
				IPHONEOS_DEPLOYMENT_TARGET = 9.2;
				MTL_ENABLE_DEBUG_INFO = NO;
				SDKROOT = iphoneos;
				VALIDATE_PRODUCT = YES;
			};
			name = Release;
		};
		A904C2951D349D7D00EAE86D /* Debug */ = {
			isa = XCBuildConfiguration;
			buildSettings = {
				ASSETCATALOG_COMPILER_APPICON_NAME = AppIcon;
				INFOPLIST_FILE = Template/Info.plist;
				LD_RUNPATH_SEARCH_PATHS = "$(inherited) @executable_path/Frameworks";
				PRODUCT_BUNDLE_IDENTIFIER = com.movitech.Template;
				PRODUCT_NAME = "$(TARGET_NAME)";
			};
			name = Debug;
		};
		A904C2961D349D7D00EAE86D /* Release */ = {
			isa = XCBuildConfiguration;
			buildSettings = {
				ASSETCATALOG_COMPILER_APPICON_NAME = AppIcon;
				INFOPLIST_FILE = Template/Info.plist;
				LD_RUNPATH_SEARCH_PATHS = "$(inherited) @executable_path/Frameworks";
				PRODUCT_BUNDLE_IDENTIFIER = com.movitech.Template;
				PRODUCT_NAME = "$(TARGET_NAME)";
			};
			name = Release;
		};
/* End XCBuildConfiguration section */

/* Begin XCConfigurationList section */
		A904C27D1D349D7D00EAE86D /* Build configuration list for PBXProject "Template" */ = {
			isa = XCConfigurationList;
			buildConfigurations = (
				A904C2921D349D7D00EAE86D /* Debug */,
				A904C2931D349D7D00EAE86D /* Release */,
			);
			defaultConfigurationIsVisible = 0;
			defaultConfigurationName = Release;
		};
		A904C2941D349D7D00EAE86D /* Build configuration list for PBXNativeTarget "Template" */ = {
			isa = XCConfigurationList;
			buildConfigurations = (
				A904C2951D349D7D00EAE86D /* Debug */,
				A904C2961D349D7D00EAE86D /* Release */,
			);
			defaultConfigurationIsVisible = 0;
		};
/* End XCConfigurationList section */
	};
	rootObject = A904C27A1D349D7D00EAE86D /* Project object */;
}
