// !$*UTF8*$!
{
	archiveVersion = 1;
	classes = {
	};
	objectVersion = 46;
	objects = {

/* Begin PBXBuildFile section */
		A904C2861D349D7D00EAE86D /* AppDelegate.swift in Sources */ = {isa = PBXBuildFile; fileRef = A904C2851D349D7D00EAE86D /* AppDelegate.swift */; };
		A904C2881D349D7D00EAE86D /* ViewController.swift in Sources */ = {isa = PBXBuildFile; fileRef = A904C2871D349D7D00EAE86D /* ViewController.swift */; };
		A904C28B1D349D7D00EAE86D /* Main.storyboard in Resources */ = {isa = PBXBuildFile; fileRef = A904C2891D349D7D00EAE86D /* Main.storyboard */; };
		A904C28D1D349D7D00EAE86D /* Assets.xcassets in Resources */ = {isa = PBXBuildFile; fileRef = A904C28C1D349D7D00EAE86D /* Assets.xcassets */; };
		A904C2901D349D7D00EAE86D /* LaunchScreen.storyboard in Resources */ = {isa = PBXBuildFile; fileRef = A904C28E1D349D7D00EAE86D /* LaunchScreen.storyboard */; };
		A904C2991D34BB5300EAE86D /* ViewController.swift in Sources */ = {isa = PBXBuildFile; fileRef = A904C2871D349D7D00EAE86D /* ViewController.swift */; };
		A904C29A1D34BB5300EAE86D /* AppDelegate.swift in Sources */ = {isa = PBXBuildFile; fileRef = A904C2851D349D7D00EAE86D /* AppDelegate.swift */; };
		A904C29D1D34BB5300EAE86D /* LaunchScreen.storyboard in Resources */ = {isa = PBXBuildFile; fileRef = A904C28E1D349D7D00EAE86D /* LaunchScreen.storyboard */; };
		A904C29E1D34BB5300EAE86D /* Assets.xcassets in Resources */ = {isa = PBXBuildFile; fileRef = A904C28C1D349D7D00EAE86D /* Assets.xcassets */; };
		A904C29F1D34BB5300EAE86D /* Main.storyboard in Resources */ = {isa = PBXBuildFile; fileRef = A904C2891D349D7D00EAE86D /* Main.storyboard */; };
		A904C2A81D34BC8B00EAE86D /* ViewController.swift in Sources */ = {isa = PBXBuildFile; fileRef = A904C2871D349D7D00EAE86D /* ViewController.swift */; };
		A904C2A91D34BC8B00EAE86D /* AppDelegate.swift in Sources */ = {isa = PBXBuildFile; fileRef = A904C2851D349D7D00EAE86D /* AppDelegate.swift */; };
		A904C2AC1D34BC8B00EAE86D /* LaunchScreen.storyboard in Resources */ = {isa = PBXBuildFile; fileRef = A904C28E1D349D7D00EAE86D /* LaunchScreen.storyboard */; };
		A904C2AD1D34BC8B00EAE86D /* Assets.xcassets in Resources */ = {isa = PBXBuildFile; fileRef = A904C28C1D349D7D00EAE86D /* Assets.xcassets */; };
		A904C2AE1D34BC8B00EAE86D /* Main.storyboard in Resources */ = {isa = PBXBuildFile; fileRef = A904C2891D349D7D00EAE86D /* Main.storyboard */; };
		A904C2B91D34BDAE00EAE86D /* ViewController.swift in Sources */ = {isa = PBXBuildFile; fileRef = A904C2871D349D7D00EAE86D /* ViewController.swift */; };
		A904C2BA1D34BDAE00EAE86D /* AppDelegate.swift in Sources */ = {isa = PBXBuildFile; fileRef = A904C2851D349D7D00EAE86D /* AppDelegate.swift */; };
		A904C2BD1D34BDAE00EAE86D /* LaunchScreen.storyboard in Resources */ = {isa = PBXBuildFile; fileRef = A904C28E1D349D7D00EAE86D /* LaunchScreen.storyboard */; };
		A904C2BE1D34BDAE00EAE86D /* Assets.xcassets in Resources */ = {isa = PBXBuildFile; fileRef = A904C28C1D349D7D00EAE86D /* Assets.xcassets */; };
		A904C2BF1D34BDAE00EAE86D /* Main.storyboard in Resources */ = {isa = PBXBuildFile; fileRef = A904C2891D349D7D00EAE86D /* Main.storyboard */; };
		A97A20561D3932AB00D802AB /* BasicTools.swift in Sources */ = {isa = PBXBuildFile; fileRef = A97A20551D3932AB00D802AB /* BasicTools.swift */; };
		A97A20571D3932AB00D802AB /* BasicTools.swift in Sources */ = {isa = PBXBuildFile; fileRef = A97A20551D3932AB00D802AB /* BasicTools.swift */; };
		A97A20581D3932AB00D802AB /* BasicTools.swift in Sources */ = {isa = PBXBuildFile; fileRef = A97A20551D3932AB00D802AB /* BasicTools.swift */; };
		A97A20591D3932AB00D802AB /* BasicTools.swift in Sources */ = {isa = PBXBuildFile; fileRef = A97A20551D3932AB00D802AB /* BasicTools.swift */; };
		A9C4E4CC1D34F3A20036CD6F /* Alamofire.framework in Frameworks */ = {isa = PBXBuildFile; fileRef = A9C4E4C31D34F38A0036CD6F /* Alamofire.framework */; };
		A9C4E4CD1D34F3A20036CD6F /* Alamofire.framework in Embed Frameworks */ = {isa = PBXBuildFile; fileRef = A9C4E4C31D34F38A0036CD6F /* Alamofire.framework */; settings = {ATTRIBUTES = (CodeSignOnCopy, RemoveHeadersOnCopy, ); }; };
		A9C4E57D1D34F4ED0036CD6F /* Alamofire.framework in Frameworks */ = {isa = PBXBuildFile; fileRef = A9C4E4C31D34F38A0036CD6F /* Alamofire.framework */; };
		A9C4E57E1D34F4ED0036CD6F /* Alamofire.framework in Embed Frameworks */ = {isa = PBXBuildFile; fileRef = A9C4E4C31D34F38A0036CD6F /* Alamofire.framework */; settings = {ATTRIBUTES = (CodeSignOnCopy, RemoveHeadersOnCopy, ); }; };
		A9C4E5811D34F5030036CD6F /* Alamofire.framework in Frameworks */ = {isa = PBXBuildFile; fileRef = A9C4E4C31D34F38A0036CD6F /* Alamofire.framework */; };
		A9C4E5821D34F5030036CD6F /* Alamofire.framework in Embed Frameworks */ = {isa = PBXBuildFile; fileRef = A9C4E4C31D34F38A0036CD6F /* Alamofire.framework */; settings = {ATTRIBUTES = (CodeSignOnCopy, RemoveHeadersOnCopy, ); }; };
		A9C4E5851D34F5090036CD6F /* Alamofire.framework in Frameworks */ = {isa = PBXBuildFile; fileRef = A9C4E4C31D34F38A0036CD6F /* Alamofire.framework */; };
		A9C4E5861D34F5090036CD6F /* Alamofire.framework in Embed Frameworks */ = {isa = PBXBuildFile; fileRef = A9C4E4C31D34F38A0036CD6F /* Alamofire.framework */; settings = {ATTRIBUTES = (CodeSignOnCopy, RemoveHeadersOnCopy, ); }; };
		A9C4E5CC1D3783DD0036CD6F /* Kingfisher.framework in Frameworks */ = {isa = PBXBuildFile; fileRef = A9C4E5B51D3783C50036CD6F /* Kingfisher.framework */; };
		A9C4E5CD1D3783DD0036CD6F /* Kingfisher.framework in Embed Frameworks */ = {isa = PBXBuildFile; fileRef = A9C4E5B51D3783C50036CD6F /* Kingfisher.framework */; settings = {ATTRIBUTES = (CodeSignOnCopy, RemoveHeadersOnCopy, ); }; };
		A9C4E5D01D3783F50036CD6F /* Kingfisher.framework in Frameworks */ = {isa = PBXBuildFile; fileRef = A9C4E5B51D3783C50036CD6F /* Kingfisher.framework */; };
		A9C4E5D11D3783F50036CD6F /* Kingfisher.framework in Embed Frameworks */ = {isa = PBXBuildFile; fileRef = A9C4E5B51D3783C50036CD6F /* Kingfisher.framework */; settings = {ATTRIBUTES = (CodeSignOnCopy, RemoveHeadersOnCopy, ); }; };
		A9C4E5D41D3783FC0036CD6F /* Kingfisher.framework in Frameworks */ = {isa = PBXBuildFile; fileRef = A9C4E5B51D3783C50036CD6F /* Kingfisher.framework */; };
		A9C4E5D51D3783FC0036CD6F /* Kingfisher.framework in Embed Frameworks */ = {isa = PBXBuildFile; fileRef = A9C4E5B51D3783C50036CD6F /* Kingfisher.framework */; settings = {ATTRIBUTES = (CodeSignOnCopy, RemoveHeadersOnCopy, ); }; };
		A9C4E5D81D3784020036CD6F /* Kingfisher.framework in Frameworks */ = {isa = PBXBuildFile; fileRef = A9C4E5B51D3783C50036CD6F /* Kingfisher.framework */; };
		A9C4E5D91D3784020036CD6F /* Kingfisher.framework in Embed Frameworks */ = {isa = PBXBuildFile; fileRef = A9C4E5B51D3783C50036CD6F /* Kingfisher.framework */; settings = {ATTRIBUTES = (CodeSignOnCopy, RemoveHeadersOnCopy, ); }; };
		A9C4E5DD1D3787BD0036CD6F /* 1.jpg in Resources */ = {isa = PBXBuildFile; fileRef = A9C4E5DC1D3787BD0036CD6F /* 1.jpg */; };
		A9F7CF491D38874200E24255 /* Constant.swift in Sources */ = {isa = PBXBuildFile; fileRef = A9F7CF481D38874200E24255 /* Constant.swift */; };
		A9F7CF4A1D38874200E24255 /* Constant.swift in Sources */ = {isa = PBXBuildFile; fileRef = A9F7CF481D38874200E24255 /* Constant.swift */; };
		A9F7CF4B1D38874200E24255 /* Constant.swift in Sources */ = {isa = PBXBuildFile; fileRef = A9F7CF481D38874200E24255 /* Constant.swift */; };
		A9F7CF4C1D38874200E24255 /* Constant.swift in Sources */ = {isa = PBXBuildFile; fileRef = A9F7CF481D38874200E24255 /* Constant.swift */; };
/* End PBXBuildFile section */

/* Begin PBXContainerItemProxy section */
		A9C4E4C21D34F38A0036CD6F /* PBXContainerItemProxy */ = {
			isa = PBXContainerItemProxy;
			containerPortal = A9C4E4BA1D34F38A0036CD6F /* Alamofire.xcodeproj */;
			proxyType = 2;
			remoteGlobalIDString = F8111E3319A95C8B0040E7D1;
			remoteInfo = "Alamofire iOS";
		};
		A9C4E4C41D34F38A0036CD6F /* PBXContainerItemProxy */ = {
			isa = PBXContainerItemProxy;
			containerPortal = A9C4E4BA1D34F38A0036CD6F /* Alamofire.xcodeproj */;
			proxyType = 2;
			remoteGlobalIDString = 4DD67C0B1A5C55C900ED2280;
			remoteInfo = "Alamofire OSX";
		};
		A9C4E4C61D34F38A0036CD6F /* PBXContainerItemProxy */ = {
			isa = PBXContainerItemProxy;
			containerPortal = A9C4E4BA1D34F38A0036CD6F /* Alamofire.xcodeproj */;
			proxyType = 2;
			remoteGlobalIDString = E4202FE01B667AA100C997FB;
			remoteInfo = "Alamofire watchOS";
		};
		A9C4E4C81D34F38A0036CD6F /* PBXContainerItemProxy */ = {
			isa = PBXContainerItemProxy;
			containerPortal = A9C4E4BA1D34F38A0036CD6F /* Alamofire.xcodeproj */;
			proxyType = 2;
			remoteGlobalIDString = F8111E3E19A95C8B0040E7D1;
			remoteInfo = "Alamofire iOS Tests";
		};
		A9C4E4CA1D34F38A0036CD6F /* PBXContainerItemProxy */ = {
			isa = PBXContainerItemProxy;
			containerPortal = A9C4E4BA1D34F38A0036CD6F /* Alamofire.xcodeproj */;
			proxyType = 2;
			remoteGlobalIDString = F829C6B21A7A94F100A2CD59;
			remoteInfo = "Alamofire OSX Tests";
		};
		A9C4E4CE1D34F3A20036CD6F /* PBXContainerItemProxy */ = {
			isa = PBXContainerItemProxy;
			containerPortal = A9C4E4BA1D34F38A0036CD6F /* Alamofire.xcodeproj */;
			proxyType = 1;
			remoteGlobalIDString = F8111E3219A95C8B0040E7D1;
			remoteInfo = "Alamofire iOS";
		};
		A9C4E57F1D34F4ED0036CD6F /* PBXContainerItemProxy */ = {
			isa = PBXContainerItemProxy;
			containerPortal = A9C4E4BA1D34F38A0036CD6F /* Alamofire.xcodeproj */;
			proxyType = 1;
			remoteGlobalIDString = F8111E3219A95C8B0040E7D1;
			remoteInfo = "Alamofire iOS";
		};
		A9C4E5831D34F5030036CD6F /* PBXContainerItemProxy */ = {
			isa = PBXContainerItemProxy;
			containerPortal = A9C4E4BA1D34F38A0036CD6F /* Alamofire.xcodeproj */;
			proxyType = 1;
			remoteGlobalIDString = F8111E3219A95C8B0040E7D1;
			remoteInfo = "Alamofire iOS";
		};
		A9C4E5871D34F5090036CD6F /* PBXContainerItemProxy */ = {
			isa = PBXContainerItemProxy;
			containerPortal = A9C4E4BA1D34F38A0036CD6F /* Alamofire.xcodeproj */;
			proxyType = 1;
			remoteGlobalIDString = F8111E3219A95C8B0040E7D1;
			remoteInfo = "Alamofire iOS";
		};
		A9C4E5B41D3783C50036CD6F /* PBXContainerItemProxy */ = {
			isa = PBXContainerItemProxy;
			containerPortal = A9C4E5A51D3783C50036CD6F /* Kingfisher.xcodeproj */;
			proxyType = 2;
			remoteGlobalIDString = D1ED2D351AD2D09F00CFC3EB;
			remoteInfo = "Kingfisher-iOS";
		};
		A9C4E5B61D3783C50036CD6F /* PBXContainerItemProxy */ = {
			isa = PBXContainerItemProxy;
			containerPortal = A9C4E5A51D3783C50036CD6F /* Kingfisher.xcodeproj */;
			proxyType = 2;
			remoteGlobalIDString = D13F49D61BEDA67C00CE335D;
			remoteInfo = "Kingfisher-tvOS";
		};
		A9C4E5B81D3783C50036CD6F /* PBXContainerItemProxy */ = {
			isa = PBXContainerItemProxy;
			containerPortal = A9C4E5A51D3783C50036CD6F /* Kingfisher.xcodeproj */;
			proxyType = 2;
			remoteGlobalIDString = 4B2944481C3D01B20088C3E7;
			remoteInfo = "Kingfisher-OSX";
		};
		A9C4E5BA1D3783C50036CD6F /* PBXContainerItemProxy */ = {
			isa = PBXContainerItemProxy;
			containerPortal = A9C4E5A51D3783C50036CD6F /* Kingfisher.xcodeproj */;
			proxyType = 2;
			remoteGlobalIDString = D16799EB1C4E74460020FD12;
			remoteInfo = "Kingfisher-watchOS";
		};
		A9C4E5BC1D3783C50036CD6F /* PBXContainerItemProxy */ = {
			isa = PBXContainerItemProxy;
			containerPortal = A9C4E5A51D3783C50036CD6F /* Kingfisher.xcodeproj */;
			proxyType = 2;
			remoteGlobalIDString = D1ED2D0B1AD2CFA600CFC3EB;
			remoteInfo = "Kingfisher-Demo";
		};
		A9C4E5BE1D3783C50036CD6F /* PBXContainerItemProxy */ = {
			isa = PBXContainerItemProxy;
			containerPortal = A9C4E5A51D3783C50036CD6F /* Kingfisher.xcodeproj */;
			proxyType = 2;
			remoteGlobalIDString = D13F49C21BEDA53F00CE335D;
			remoteInfo = "Kingfisher-tvOS-Demo";
		};
		A9C4E5C01D3783C50036CD6F /* PBXContainerItemProxy */ = {
			isa = PBXContainerItemProxy;
			containerPortal = A9C4E5A51D3783C50036CD6F /* Kingfisher.xcodeproj */;
			proxyType = 2;
			remoteGlobalIDString = 4B2944551C3D03880088C3E7;
			remoteInfo = "Kingfisher-OSX-Demo";
		};
		A9C4E5C21D3783C50036CD6F /* PBXContainerItemProxy */ = {
			isa = PBXContainerItemProxy;
			containerPortal = A9C4E5A51D3783C50036CD6F /* Kingfisher.xcodeproj */;
			proxyType = 2;
			remoteGlobalIDString = D1679A391C4E78B20020FD12;
			remoteInfo = "Kingfisher-watchOS-Demo";
		};
		A9C4E5C41D3783C50036CD6F /* PBXContainerItemProxy */ = {
			isa = PBXContainerItemProxy;
			containerPortal = A9C4E5A51D3783C50036CD6F /* Kingfisher.xcodeproj */;
			proxyType = 2;
			remoteGlobalIDString = D1679A451C4E78B20020FD12;
			remoteInfo = "Kingfisher-watchOS-Demo Extension";
		};
		A9C4E5C61D3783C50036CD6F /* PBXContainerItemProxy */ = {
			isa = PBXContainerItemProxy;
			containerPortal = A9C4E5A51D3783C50036CD6F /* Kingfisher.xcodeproj */;
			proxyType = 2;
			remoteGlobalIDString = D1ED2D3F1AD2D09F00CFC3EB;
			remoteInfo = KingfisherTests;
		};
		A9C4E5C81D3783C50036CD6F /* PBXContainerItemProxy */ = {
			isa = PBXContainerItemProxy;
			containerPortal = A9C4E5A51D3783C50036CD6F /* Kingfisher.xcodeproj */;
			proxyType = 2;
			remoteGlobalIDString = 4B37667F1C478F940001443F;
			remoteInfo = "KingfisherTests-tvOS";
		};
		A9C4E5CA1D3783C50036CD6F /* PBXContainerItemProxy */ = {
			isa = PBXContainerItemProxy;
			containerPortal = A9C4E5A51D3783C50036CD6F /* Kingfisher.xcodeproj */;
			proxyType = 2;
			remoteGlobalIDString = D10EC2311C3D632300A4211C;
			remoteInfo = "KingfisherTests-OSX";
		};
		A9C4E5CE1D3783DD0036CD6F /* PBXContainerItemProxy */ = {
			isa = PBXContainerItemProxy;
			containerPortal = A9C4E5A51D3783C50036CD6F /* Kingfisher.xcodeproj */;
			proxyType = 1;
			remoteGlobalIDString = D1ED2D341AD2D09F00CFC3EB;
			remoteInfo = "Kingfisher-iOS";
		};
		A9C4E5D21D3783F50036CD6F /* PBXContainerItemProxy */ = {
			isa = PBXContainerItemProxy;
			containerPortal = A9C4E5A51D3783C50036CD6F /* Kingfisher.xcodeproj */;
			proxyType = 1;
			remoteGlobalIDString = D1ED2D341AD2D09F00CFC3EB;
			remoteInfo = "Kingfisher-iOS";
		};
		A9C4E5D61D3783FC0036CD6F /* PBXContainerItemProxy */ = {
			isa = PBXContainerItemProxy;
			containerPortal = A9C4E5A51D3783C50036CD6F /* Kingfisher.xcodeproj */;
			proxyType = 1;
			remoteGlobalIDString = D1ED2D341AD2D09F00CFC3EB;
			remoteInfo = "Kingfisher-iOS";
		};
		A9C4E5DA1D3784020036CD6F /* PBXContainerItemProxy */ = {
			isa = PBXContainerItemProxy;
			containerPortal = A9C4E5A51D3783C50036CD6F /* Kingfisher.xcodeproj */;
			proxyType = 1;
			remoteGlobalIDString = D1ED2D341AD2D09F00CFC3EB;
			remoteInfo = "Kingfisher-iOS";
		};
/* End PBXContainerItemProxy section */

/* Begin PBXCopyFilesBuildPhase section */
		A904C2E21D34D2FD00EAE86D /* Embed Frameworks */ = {
			isa = PBXCopyFilesBuildPhase;
			buildActionMask = 2147483647;
			dstPath = "";
			dstSubfolderSpec = 10;
			files = (
				A9C4E5CD1D3783DD0036CD6F /* Kingfisher.framework in Embed Frameworks */,
				A9C4E4CD1D34F3A20036CD6F /* Alamofire.framework in Embed Frameworks */,
			);
			name = "Embed Frameworks";
			runOnlyForDeploymentPostprocessing = 0;
		};
		A904C2E71D34D31B00EAE86D /* Embed Frameworks */ = {
			isa = PBXCopyFilesBuildPhase;
			buildActionMask = 2147483647;
			dstPath = "";
			dstSubfolderSpec = 10;
			files = (
				A9C4E5D11D3783F50036CD6F /* Kingfisher.framework in Embed Frameworks */,
				A9C4E57E1D34F4ED0036CD6F /* Alamofire.framework in Embed Frameworks */,
			);
			name = "Embed Frameworks";
			runOnlyForDeploymentPostprocessing = 0;
		};
		A904C2EC1D34D32000EAE86D /* Embed Frameworks */ = {
			isa = PBXCopyFilesBuildPhase;
			buildActionMask = 2147483647;
			dstPath = "";
			dstSubfolderSpec = 10;
			files = (
				A9C4E5D51D3783FC0036CD6F /* Kingfisher.framework in Embed Frameworks */,
				A9C4E5821D34F5030036CD6F /* Alamofire.framework in Embed Frameworks */,
			);
			name = "Embed Frameworks";
			runOnlyForDeploymentPostprocessing = 0;
		};
		A904C2F11D34D49E00EAE86D /* Embed Frameworks */ = {
			isa = PBXCopyFilesBuildPhase;
			buildActionMask = 2147483647;
			dstPath = "";
			dstSubfolderSpec = 10;
			files = (
				A9C4E5D91D3784020036CD6F /* Kingfisher.framework in Embed Frameworks */,
				A9C4E5861D34F5090036CD6F /* Alamofire.framework in Embed Frameworks */,
			);
			name = "Embed Frameworks";
			runOnlyForDeploymentPostprocessing = 0;
		};
/* End PBXCopyFilesBuildPhase section */

/* Begin PBXFileReference section */
		A904C2821D349D7D00EAE86D /* Template.app */ = {isa = PBXFileReference; explicitFileType = wrapper.application; includeInIndex = 0; path = Template.app; sourceTree = BUILT_PRODUCTS_DIR; };
		A904C2851D349D7D00EAE86D /* AppDelegate.swift */ = {isa = PBXFileReference; lastKnownFileType = sourcecode.swift; path = AppDelegate.swift; sourceTree = "<group>"; };
		A904C2871D349D7D00EAE86D /* ViewController.swift */ = {isa = PBXFileReference; lastKnownFileType = sourcecode.swift; path = ViewController.swift; sourceTree = "<group>"; };
		A904C28A1D349D7D00EAE86D /* Base */ = {isa = PBXFileReference; lastKnownFileType = file.storyboard; name = Base; path = Base.lproj/Main.storyboard; sourceTree = "<group>"; };
		A904C28C1D349D7D00EAE86D /* Assets.xcassets */ = {isa = PBXFileReference; lastKnownFileType = folder.assetcatalog; name = Assets.xcassets; path = ../Assets.xcassets; sourceTree = "<group>"; };
		A904C28F1D349D7D00EAE86D /* Base */ = {isa = PBXFileReference; lastKnownFileType = file.storyboard; name = Base; path = Base.lproj/LaunchScreen.storyboard; sourceTree = "<group>"; };
		A904C2911D349D7D00EAE86D /* Info.plist */ = {isa = PBXFileReference; lastKnownFileType = text.plist.xml; name = Info.plist; path = ../Info.plist; sourceTree = "<group>"; };
		A904C2A31D34BB5300EAE86D /* Template_UAT.app */ = {isa = PBXFileReference; explicitFileType = wrapper.application; includeInIndex = 0; path = Template_UAT.app; sourceTree = BUILT_PRODUCTS_DIR; };
		A904C2A41D34BB5300EAE86D /* Template_UAT-Info.plist */ = {isa = PBXFileReference; lastKnownFileType = text.plist.xml; name = "Template_UAT-Info.plist"; path = "/Users/weasleyqi/Documents/WorkFolder/Template_swift/Template_UAT-Info.plist"; sourceTree = "<absolute>"; };
		A904C2B21D34BC8B00EAE86D /* Template_QA.app */ = {isa = PBXFileReference; explicitFileType = wrapper.application; includeInIndex = 0; path = Template_QA.app; sourceTree = BUILT_PRODUCTS_DIR; };
		A904C2B31D34BC8B00EAE86D /* Template_QA-Info.plist */ = {isa = PBXFileReference; lastKnownFileType = text.plist.xml; name = "Template_QA-Info.plist"; path = "/Users/weasleyqi/Documents/WorkFolder/Template_swift/Template_QA-Info.plist"; sourceTree = "<absolute>"; };
		A904C2C31D34BDAE00EAE86D /* Template_DEV.app */ = {isa = PBXFileReference; explicitFileType = wrapper.application; includeInIndex = 0; path = Template_DEV.app; sourceTree = BUILT_PRODUCTS_DIR; };
		A904C2C41D34BDAF00EAE86D /* Template_DEV-Info.plist */ = {isa = PBXFileReference; lastKnownFileType = text.plist.xml; name = "Template_DEV-Info.plist"; path = "/Users/weasleyqi/Documents/WorkFolder/Template_swift/Template_DEV-Info.plist"; sourceTree = "<absolute>"; };
		A97A20551D3932AB00D802AB /* BasicTools.swift */ = {isa = PBXFileReference; fileEncoding = 4; lastKnownFileType = sourcecode.swift; path = BasicTools.swift; sourceTree = "<group>"; };
		A9C4E4BA1D34F38A0036CD6F /* Alamofire.xcodeproj */ = {isa = PBXFileReference; lastKnownFileType = "wrapper.pb-project"; name = Alamofire.xcodeproj; path = "Template/3rd/Alamofire-3.0.0/Alamofire.xcodeproj"; sourceTree = "<group>"; };
		A9C4E5A51D3783C50036CD6F /* Kingfisher.xcodeproj */ = {isa = PBXFileReference; lastKnownFileType = "wrapper.pb-project"; name = Kingfisher.xcodeproj; path = "Template/3rd/Kingfisher-2.1.0/Kingfisher.xcodeproj"; sourceTree = "<group>"; };
		A9C4E5DC1D3787BD0036CD6F /* 1.jpg */ = {isa = PBXFileReference; lastKnownFileType = image.jpeg; path = 1.jpg; sourceTree = "<group>"; };
		A9F7CF481D38874200E24255 /* Constant.swift */ = {isa = PBXFileReference; fileEncoding = 4; lastKnownFileType = sourcecode.swift; path = Constant.swift; sourceTree = "<group>"; };
/* End PBXFileReference section */

/* Begin PBXFrameworksBuildPhase section */
		A904C27F1D349D7D00EAE86D /* Frameworks */ = {
			isa = PBXFrameworksBuildPhase;
			buildActionMask = 2147483647;
			files = (
				A9C4E5CC1D3783DD0036CD6F /* Kingfisher.framework in Frameworks */,
				A9C4E4CC1D34F3A20036CD6F /* Alamofire.framework in Frameworks */,
			);
			runOnlyForDeploymentPostprocessing = 0;
		};
		A904C29B1D34BB5300EAE86D /* Frameworks */ = {
			isa = PBXFrameworksBuildPhase;
			buildActionMask = 2147483647;
			files = (
				A9C4E5D01D3783F50036CD6F /* Kingfisher.framework in Frameworks */,
				A9C4E57D1D34F4ED0036CD6F /* Alamofire.framework in Frameworks */,
			);
			runOnlyForDeploymentPostprocessing = 0;
		};
		A904C2AA1D34BC8B00EAE86D /* Frameworks */ = {
			isa = PBXFrameworksBuildPhase;
			buildActionMask = 2147483647;
			files = (
				A9C4E5D41D3783FC0036CD6F /* Kingfisher.framework in Frameworks */,
				A9C4E5811D34F5030036CD6F /* Alamofire.framework in Frameworks */,
			);
			runOnlyForDeploymentPostprocessing = 0;
		};
		A904C2BB1D34BDAE00EAE86D /* Frameworks */ = {
			isa = PBXFrameworksBuildPhase;
			buildActionMask = 2147483647;
			files = (
				A9C4E5D81D3784020036CD6F /* Kingfisher.framework in Frameworks */,
				A9C4E5851D34F5090036CD6F /* Alamofire.framework in Frameworks */,
			);
			runOnlyForDeploymentPostprocessing = 0;
		};
/* End PBXFrameworksBuildPhase section */

/* Begin PBXGroup section */
		A904C2791D349D7D00EAE86D = {
			isa = PBXGroup;
			children = (
				A9C4E5A51D3783C50036CD6F /* Kingfisher.xcodeproj */,
				A9C4E4BA1D34F38A0036CD6F /* Alamofire.xcodeproj */,
				A904C2841D349D7D00EAE86D /* Template */,
				A904C2831D349D7D00EAE86D /* Products */,
			);
			sourceTree = "<group>";
		};
		A904C2831D349D7D00EAE86D /* Products */ = {
			isa = PBXGroup;
			children = (
				A904C2821D349D7D00EAE86D /* Template.app */,
				A904C2A31D34BB5300EAE86D /* Template_UAT.app */,
				A904C2B21D34BC8B00EAE86D /* Template_QA.app */,
				A904C2C31D34BDAE00EAE86D /* Template_DEV.app */,
			);
			name = Products;
			sourceTree = "<group>";
		};
		A904C2841D349D7D00EAE86D /* Template */ = {
			isa = PBXGroup;
			children = (
				A9C4E4D01D34F4BD0036CD6F /* 3rd */,
				A904C2B41D34BCA800EAE86D /* Tools */,
				A904C2851D349D7D00EAE86D /* AppDelegate.swift */,
				A904C2871D349D7D00EAE86D /* ViewController.swift */,
				A904C2B61D34BD5300EAE86D /* Resources */,
			);
			path = Template;
			sourceTree = "<group>";
		};
		A904C2B41D34BCA800EAE86D /* Tools */ = {
			isa = PBXGroup;
			children = (
				A9F7CF461D387CBD00E24255 /* Category */,
				A9F7CF481D38874200E24255 /* Constant.swift */,
				A97A20551D3932AB00D802AB /* BasicTools.swift */,
			);
			path = Tools;
			sourceTree = "<group>";
		};
		A904C2B61D34BD5300EAE86D /* Resources */ = {
			isa = PBXGroup;
			children = (
				A9C4E5DC1D3787BD0036CD6F /* 1.jpg */,
				A904C2891D349D7D00EAE86D /* Main.storyboard */,
				A904C28C1D349D7D00EAE86D /* Assets.xcassets */,
				A904C28E1D349D7D00EAE86D /* LaunchScreen.storyboard */,
				A904C2911D349D7D00EAE86D /* Info.plist */,
				A904C2A41D34BB5300EAE86D /* Template_UAT-Info.plist */,
				A904C2B31D34BC8B00EAE86D /* Template_QA-Info.plist */,
				A904C2C41D34BDAF00EAE86D /* Template_DEV-Info.plist */,
			);
			path = Resources;
			sourceTree = "<group>";
		};
		A9C4E4BB1D34F38A0036CD6F /* Products */ = {
			isa = PBXGroup;
			children = (
				A9C4E4C31D34F38A0036CD6F /* Alamofire.framework */,
				A9C4E4C51D34F38A0036CD6F /* Alamofire.framework */,
				A9C4E4C71D34F38A0036CD6F /* Alamofire.framework */,
				A9C4E4C91D34F38A0036CD6F /* Alamofire iOS Tests.xctest */,
				A9C4E4CB1D34F38A0036CD6F /* Alamofire OSX Tests.xctest */,
			);
			name = Products;
			sourceTree = "<group>";
		};
		A9C4E4D01D34F4BD0036CD6F /* 3rd */ = {
			isa = PBXGroup;
			children = (
			);
			path = 3rd;
			sourceTree = "<group>";
		};
		A9C4E5A61D3783C50036CD6F /* Products */ = {
			isa = PBXGroup;
			children = (
				A9C4E5B51D3783C50036CD6F /* Kingfisher.framework */,
				A9C4E5B71D3783C50036CD6F /* Kingfisher.framework */,
				A9C4E5B91D3783C50036CD6F /* Kingfisher.framework */,
				A9C4E5BB1D3783C50036CD6F /* Kingfisher.framework */,
				A9C4E5BD1D3783C50036CD6F /* Kingfisher-Demo.app */,
				A9C4E5BF1D3783C50036CD6F /* Kingfisher-tvOS-Demo.app */,
				A9C4E5C11D3783C50036CD6F /* Kingfisher-OSX-Demo.app */,
				A9C4E5C31D3783C50036CD6F /* Kingfisher-watchOS-Demo.app */,
				A9C4E5C51D3783C50036CD6F /* Kingfisher-watchOS-Demo Extension.appex */,
				A9C4E5C71D3783C50036CD6F /* KingfisherTests.xctest */,
				A9C4E5C91D3783C50036CD6F /* KingfisherTests-tvOS.xctest */,
				A9C4E5CB1D3783C50036CD6F /* KingfisherTests-OSX.xctest */,
			);
			name = Products;
			sourceTree = "<group>";
		};
		A9F7CF461D387CBD00E24255 /* Category */ = {
			isa = PBXGroup;
			children = (
			);
			path = Category;
			sourceTree = "<group>";
		};
/* End PBXGroup section */

/* Begin PBXNativeTarget section */
		A904C2811D349D7D00EAE86D /* Template */ = {
			isa = PBXNativeTarget;
			buildConfigurationList = A904C2941D349D7D00EAE86D /* Build configuration list for PBXNativeTarget "Template" */;
			buildPhases = (
				A904C27E1D349D7D00EAE86D /* Sources */,
				A904C27F1D349D7D00EAE86D /* Frameworks */,
				A904C2801D349D7D00EAE86D /* Resources */,
				A904C2E21D34D2FD00EAE86D /* Embed Frameworks */,
			);
			buildRules = (
			);
			dependencies = (
				A9C4E4CF1D34F3A20036CD6F /* PBXTargetDependency */,
				A9C4E5CF1D3783DD0036CD6F /* PBXTargetDependency */,
			);
			name = Template;
			productName = Template;
			productReference = A904C2821D349D7D00EAE86D /* Template.app */;
			productType = "com.apple.product-type.application";
		};
		A904C2971D34BB5300EAE86D /* Template_UAT */ = {
			isa = PBXNativeTarget;
			buildConfigurationList = A904C2A01D34BB5300EAE86D /* Build configuration list for PBXNativeTarget "Template_UAT" */;
			buildPhases = (
				A904C2981D34BB5300EAE86D /* Sources */,
				A904C29B1D34BB5300EAE86D /* Frameworks */,
				A904C29C1D34BB5300EAE86D /* Resources */,
				A904C2E71D34D31B00EAE86D /* Embed Frameworks */,
			);
			buildRules = (
			);
			dependencies = (
				A9C4E5801D34F4ED0036CD6F /* PBXTargetDependency */,
				A9C4E5D31D3783F50036CD6F /* PBXTargetDependency */,
			);
			name = Template_UAT;
			productName = Template;
			productReference = A904C2A31D34BB5300EAE86D /* Template_UAT.app */;
			productType = "com.apple.product-type.application";
		};
		A904C2A61D34BC8B00EAE86D /* Template_QA */ = {
			isa = PBXNativeTarget;
			buildConfigurationList = A904C2AF1D34BC8B00EAE86D /* Build configuration list for PBXNativeTarget "Template_QA" */;
			buildPhases = (
				A904C2A71D34BC8B00EAE86D /* Sources */,
				A904C2AA1D34BC8B00EAE86D /* Frameworks */,
				A904C2AB1D34BC8B00EAE86D /* Resources */,
				A904C2EC1D34D32000EAE86D /* Embed Frameworks */,
			);
			buildRules = (
			);
			dependencies = (
				A9C4E5841D34F5030036CD6F /* PBXTargetDependency */,
				A9C4E5D71D3783FC0036CD6F /* PBXTargetDependency */,
			);
			name = Template_QA;
			productName = Template;
			productReference = A904C2B21D34BC8B00EAE86D /* Template_QA.app */;
			productType = "com.apple.product-type.application";
		};
		A904C2B71D34BDAE00EAE86D /* Template_DEV */ = {
			isa = PBXNativeTarget;
			buildConfigurationList = A904C2C01D34BDAE00EAE86D /* Build configuration list for PBXNativeTarget "Template_DEV" */;
			buildPhases = (
				A904C2B81D34BDAE00EAE86D /* Sources */,
				A904C2BB1D34BDAE00EAE86D /* Frameworks */,
				A904C2BC1D34BDAE00EAE86D /* Resources */,
				A904C2F11D34D49E00EAE86D /* Embed Frameworks */,
			);
			buildRules = (
			);
			dependencies = (
				A9C4E5881D34F5090036CD6F /* PBXTargetDependency */,
				A9C4E5DB1D3784020036CD6F /* PBXTargetDependency */,
			);
			name = Template_DEV;
			productName = Template;
			productReference = A904C2C31D34BDAE00EAE86D /* Template_DEV.app */;
			productType = "com.apple.product-type.application";
		};
/* End PBXNativeTarget section */

/* Begin PBXProject section */
		A904C27A1D349D7D00EAE86D /* Project object */ = {
			isa = PBXProject;
			attributes = {
				LastSwiftUpdateCheck = 0720;
				LastUpgradeCheck = 0720;
				ORGANIZATIONNAME = "Weasley Qi";
				TargetAttributes = {
					A904C2811D349D7D00EAE86D = {
						CreatedOnToolsVersion = 7.2;
					};
				};
			};
			buildConfigurationList = A904C27D1D349D7D00EAE86D /* Build configuration list for PBXProject "Template" */;
			compatibilityVersion = "Xcode 3.2";
			developmentRegion = English;
			hasScannedForEncodings = 0;
			knownRegions = (
				en,
				Base,
			);
			mainGroup = A904C2791D349D7D00EAE86D;
			productRefGroup = A904C2831D349D7D00EAE86D /* Products */;
			projectDirPath = "";
			projectReferences = (
				{
					ProductGroup = A9C4E4BB1D34F38A0036CD6F /* Products */;
					ProjectRef = A9C4E4BA1D34F38A0036CD6F /* Alamofire.xcodeproj */;
				},
				{
					ProductGroup = A9C4E5A61D3783C50036CD6F /* Products */;
					ProjectRef = A9C4E5A51D3783C50036CD6F /* Kingfisher.xcodeproj */;
				},
			);
			projectRoot = "";
			targets = (
				A904C2811D349D7D00EAE86D /* Template */,
				A904C2971D34BB5300EAE86D /* Template_UAT */,
				A904C2A61D34BC8B00EAE86D /* Template_QA */,
				A904C2B71D34BDAE00EAE86D /* Template_DEV */,
			);
		};
/* End PBXProject section */

/* Begin PBXReferenceProxy section */
		A9C4E4C31D34F38A0036CD6F /* Alamofire.framework */ = {
			isa = PBXReferenceProxy;
			fileType = wrapper.framework;
			path = Alamofire.framework;
			remoteRef = A9C4E4C21D34F38A0036CD6F /* PBXContainerItemProxy */;
			sourceTree = BUILT_PRODUCTS_DIR;
		};
		A9C4E4C51D34F38A0036CD6F /* Alamofire.framework */ = {
			isa = PBXReferenceProxy;
			fileType = wrapper.framework;
			path = Alamofire.framework;
			remoteRef = A9C4E4C41D34F38A0036CD6F /* PBXContainerItemProxy */;
			sourceTree = BUILT_PRODUCTS_DIR;
		};
		A9C4E4C71D34F38A0036CD6F /* Alamofire.framework */ = {
			isa = PBXReferenceProxy;
			fileType = wrapper.framework;
			path = Alamofire.framework;
			remoteRef = A9C4E4C61D34F38A0036CD6F /* PBXContainerItemProxy */;
			sourceTree = BUILT_PRODUCTS_DIR;
		};
		A9C4E4C91D34F38A0036CD6F /* Alamofire iOS Tests.xctest */ = {
			isa = PBXReferenceProxy;
			fileType = wrapper.cfbundle;
			path = "Alamofire iOS Tests.xctest";
			remoteRef = A9C4E4C81D34F38A0036CD6F /* PBXContainerItemProxy */;
			sourceTree = BUILT_PRODUCTS_DIR;
		};
		A9C4E4CB1D34F38A0036CD6F /* Alamofire OSX Tests.xctest */ = {
			isa = PBXReferenceProxy;
			fileType = wrapper.cfbundle;
			path = "Alamofire OSX Tests.xctest";
			remoteRef = A9C4E4CA1D34F38A0036CD6F /* PBXContainerItemProxy */;
			sourceTree = BUILT_PRODUCTS_DIR;
		};
		A9C4E5B51D3783C50036CD6F /* Kingfisher.framework */ = {
			isa = PBXReferenceProxy;
			fileType = wrapper.framework;
			path = Kingfisher.framework;
			remoteRef = A9C4E5B41D3783C50036CD6F /* PBXContainerItemProxy */;
			sourceTree = BUILT_PRODUCTS_DIR;
		};
		A9C4E5B71D3783C50036CD6F /* Kingfisher.framework */ = {
			isa = PBXReferenceProxy;
			fileType = wrapper.framework;
			path = Kingfisher.framework;
			remoteRef = A9C4E5B61D3783C50036CD6F /* PBXContainerItemProxy */;
			sourceTree = BUILT_PRODUCTS_DIR;
		};
		A9C4E5B91D3783C50036CD6F /* Kingfisher.framework */ = {
			isa = PBXReferenceProxy;
			fileType = wrapper.framework;
			path = Kingfisher.framework;
			remoteRef = A9C4E5B81D3783C50036CD6F /* PBXContainerItemProxy */;
			sourceTree = BUILT_PRODUCTS_DIR;
		};
		A9C4E5BB1D3783C50036CD6F /* Kingfisher.framework */ = {
			isa = PBXReferenceProxy;
			fileType = wrapper.framework;
			path = Kingfisher.framework;
			remoteRef = A9C4E5BA1D3783C50036CD6F /* PBXContainerItemProxy */;
			sourceTree = BUILT_PRODUCTS_DIR;
		};
		A9C4E5BD1D3783C50036CD6F /* Kingfisher-Demo.app */ = {
			isa = PBXReferenceProxy;
			fileType = wrapper.application;
			path = "Kingfisher-Demo.app";
			remoteRef = A9C4E5BC1D3783C50036CD6F /* PBXContainerItemProxy */;
			sourceTree = BUILT_PRODUCTS_DIR;
		};
		A9C4E5BF1D3783C50036CD6F /* Kingfisher-tvOS-Demo.app */ = {
			isa = PBXReferenceProxy;
			fileType = wrapper.application;
			path = "Kingfisher-tvOS-Demo.app";
			remoteRef = A9C4E5BE1D3783C50036CD6F /* PBXContainerItemProxy */;
			sourceTree = BUILT_PRODUCTS_DIR;
		};
		A9C4E5C11D3783C50036CD6F /* Kingfisher-OSX-Demo.app */ = {
			isa = PBXReferenceProxy;
			fileType = wrapper.application;
			path = "Kingfisher-OSX-Demo.app";
			remoteRef = A9C4E5C01D3783C50036CD6F /* PBXContainerItemProxy */;
			sourceTree = BUILT_PRODUCTS_DIR;
		};
		A9C4E5C31D3783C50036CD6F /* Kingfisher-watchOS-Demo.app */ = {
			isa = PBXReferenceProxy;
			fileType = wrapper.application;
			path = "Kingfisher-watchOS-Demo.app";
			remoteRef = A9C4E5C21D3783C50036CD6F /* PBXContainerItemProxy */;
			sourceTree = BUILT_PRODUCTS_DIR;
		};
		A9C4E5C51D3783C50036CD6F /* Kingfisher-watchOS-Demo Extension.appex */ = {
			isa = PBXReferenceProxy;
			fileType = "wrapper.app-extension";
			path = "Kingfisher-watchOS-Demo Extension.appex";
			remoteRef = A9C4E5C41D3783C50036CD6F /* PBXContainerItemProxy */;
			sourceTree = BUILT_PRODUCTS_DIR;
		};
		A9C4E5C71D3783C50036CD6F /* KingfisherTests.xctest */ = {
			isa = PBXReferenceProxy;
			fileType = wrapper.cfbundle;
			path = KingfisherTests.xctest;
			remoteRef = A9C4E5C61D3783C50036CD6F /* PBXContainerItemProxy */;
			sourceTree = BUILT_PRODUCTS_DIR;
		};
		A9C4E5C91D3783C50036CD6F /* KingfisherTests-tvOS.xctest */ = {
			isa = PBXReferenceProxy;
			fileType = wrapper.cfbundle;
			path = "KingfisherTests-tvOS.xctest";
			remoteRef = A9C4E5C81D3783C50036CD6F /* PBXContainerItemProxy */;
			sourceTree = BUILT_PRODUCTS_DIR;
		};
		A9C4E5CB1D3783C50036CD6F /* KingfisherTests-OSX.xctest */ = {
			isa = PBXReferenceProxy;
			fileType = wrapper.cfbundle;
			path = "KingfisherTests-OSX.xctest";
			remoteRef = A9C4E5CA1D3783C50036CD6F /* PBXContainerItemProxy */;
			sourceTree = BUILT_PRODUCTS_DIR;
		};
/* End PBXReferenceProxy section */

/* Begin PBXResourcesBuildPhase section */
		A904C2801D349D7D00EAE86D /* Resources */ = {
			isa = PBXResourcesBuildPhase;
			buildActionMask = 2147483647;
			files = (
				A904C2901D349D7D00EAE86D /* LaunchScreen.storyboard in Resources */,
				A9C4E5DD1D3787BD0036CD6F /* 1.jpg in Resources */,
				A904C28D1D349D7D00EAE86D /* Assets.xcassets in Resources */,
				A904C28B1D349D7D00EAE86D /* Main.storyboard in Resources */,
			);
			runOnlyForDeploymentPostprocessing = 0;
		};
		A904C29C1D34BB5300EAE86D /* Resources */ = {
			isa = PBXResourcesBuildPhase;
			buildActionMask = 2147483647;
			files = (
				A904C29D1D34BB5300EAE86D /* LaunchScreen.storyboard in Resources */,
				A904C29E1D34BB5300EAE86D /* Assets.xcassets in Resources */,
				A904C29F1D34BB5300EAE86D /* Main.storyboard in Resources */,
			);
			runOnlyForDeploymentPostprocessing = 0;
		};
		A904C2AB1D34BC8B00EAE86D /* Resources */ = {
			isa = PBXResourcesBuildPhase;
			buildActionMask = 2147483647;
			files = (
				A904C2AC1D34BC8B00EAE86D /* LaunchScreen.storyboard in Resources */,
				A904C2AD1D34BC8B00EAE86D /* Assets.xcassets in Resources */,
				A904C2AE1D34BC8B00EAE86D /* Main.storyboard in Resources */,
			);
			runOnlyForDeploymentPostprocessing = 0;
		};
		A904C2BC1D34BDAE00EAE86D /* Resources */ = {
			isa = PBXResourcesBuildPhase;
			buildActionMask = 2147483647;
			files = (
				A904C2BD1D34BDAE00EAE86D /* LaunchScreen.storyboard in Resources */,
				A904C2BE1D34BDAE00EAE86D /* Assets.xcassets in Resources */,
				A904C2BF1D34BDAE00EAE86D /* Main.storyboard in Resources */,
			);
			runOnlyForDeploymentPostprocessing = 0;
		};
/* End PBXResourcesBuildPhase section */

/* Begin PBXSourcesBuildPhase section */
		A904C27E1D349D7D00EAE86D /* Sources */ = {
			isa = PBXSourcesBuildPhase;
			buildActionMask = 2147483647;
			files = (
				A904C2881D349D7D00EAE86D /* ViewController.swift in Sources */,
				A904C2861D349D7D00EAE86D /* AppDelegate.swift in Sources */,
				A97A20561D3932AB00D802AB /* BasicTools.swift in Sources */,
				A9F7CF491D38874200E24255 /* Constant.swift in Sources */,
			);
			runOnlyForDeploymentPostprocessing = 0;
		};
		A904C2981D34BB5300EAE86D /* Sources */ = {
			isa = PBXSourcesBuildPhase;
			buildActionMask = 2147483647;
			files = (
				A904C2991D34BB5300EAE86D /* ViewController.swift in Sources */,
				A904C29A1D34BB5300EAE86D /* AppDelegate.swift in Sources */,
				A97A20571D3932AB00D802AB /* BasicTools.swift in Sources */,
				A9F7CF4A1D38874200E24255 /* Constant.swift in Sources */,
			);
			runOnlyForDeploymentPostprocessing = 0;
		};
		A904C2A71D34BC8B00EAE86D /* Sources */ = {
			isa = PBXSourcesBuildPhase;
			buildActionMask = 2147483647;
			files = (
				A904C2A81D34BC8B00EAE86D /* ViewController.swift in Sources */,
				A904C2A91D34BC8B00EAE86D /* AppDelegate.swift in Sources */,
				A97A20581D3932AB00D802AB /* BasicTools.swift in Sources */,
				A9F7CF4B1D38874200E24255 /* Constant.swift in Sources */,
			);
			runOnlyForDeploymentPostprocessing = 0;
		};
		A904C2B81D34BDAE00EAE86D /* Sources */ = {
			isa = PBXSourcesBuildPhase;
			buildActionMask = 2147483647;
			files = (
				A904C2B91D34BDAE00EAE86D /* ViewController.swift in Sources */,
				A904C2BA1D34BDAE00EAE86D /* AppDelegate.swift in Sources */,
				A97A20591D3932AB00D802AB /* BasicTools.swift in Sources */,
				A9F7CF4C1D38874200E24255 /* Constant.swift in Sources */,
			);
			runOnlyForDeploymentPostprocessing = 0;
		};
/* End PBXSourcesBuildPhase section */

/* Begin PBXTargetDependency section */
		A9C4E4CF1D34F3A20036CD6F /* PBXTargetDependency */ = {
			isa = PBXTargetDependency;
			name = "Alamofire iOS";
			targetProxy = A9C4E4CE1D34F3A20036CD6F /* PBXContainerItemProxy */;
		};
		A9C4E5801D34F4ED0036CD6F /* PBXTargetDependency */ = {
			isa = PBXTargetDependency;
			name = "Alamofire iOS";
			targetProxy = A9C4E57F1D34F4ED0036CD6F /* PBXContainerItemProxy */;
		};
		A9C4E5841D34F5030036CD6F /* PBXTargetDependency */ = {
			isa = PBXTargetDependency;
			name = "Alamofire iOS";
			targetProxy = A9C4E5831D34F5030036CD6F /* PBXContainerItemProxy */;
		};
		A9C4E5881D34F5090036CD6F /* PBXTargetDependency */ = {
			isa = PBXTargetDependency;
			name = "Alamofire iOS";
			targetProxy = A9C4E5871D34F5090036CD6F /* PBXContainerItemProxy */;
		};
		A9C4E5CF1D3783DD0036CD6F /* PBXTargetDependency */ = {
			isa = PBXTargetDependency;
			name = "Kingfisher-iOS";
			targetProxy = A9C4E5CE1D3783DD0036CD6F /* PBXContainerItemProxy */;
		};
		A9C4E5D31D3783F50036CD6F /* PBXTargetDependency */ = {
			isa = PBXTargetDependency;
			name = "Kingfisher-iOS";
			targetProxy = A9C4E5D21D3783F50036CD6F /* PBXContainerItemProxy */;
		};
		A9C4E5D71D3783FC0036CD6F /* PBXTargetDependency */ = {
			isa = PBXTargetDependency;
			name = "Kingfisher-iOS";
			targetProxy = A9C4E5D61D3783FC0036CD6F /* PBXContainerItemProxy */;
		};
		A9C4E5DB1D3784020036CD6F /* PBXTargetDependency */ = {
			isa = PBXTargetDependency;
			name = "Kingfisher-iOS";
			targetProxy = A9C4E5DA1D3784020036CD6F /* PBXContainerItemProxy */;
		};
/* End PBXTargetDependency section */

/* Begin PBXVariantGroup section */
		A904C2891D349D7D00EAE86D /* Main.storyboard */ = {
			isa = PBXVariantGroup;
			children = (
				A904C28A1D349D7D00EAE86D /* Base */,
			);
			name = Main.storyboard;
			path = ..;
			sourceTree = "<group>";
		};
		A904C28E1D349D7D00EAE86D /* LaunchScreen.storyboard */ = {
			isa = PBXVariantGroup;
			children = (
				A904C28F1D349D7D00EAE86D /* Base */,
			);
			name = LaunchScreen.storyboard;
			path = ..;
			sourceTree = "<group>";
		};
/* End PBXVariantGroup section */

/* Begin XCBuildConfiguration section */
		A904C2921D349D7D00EAE86D /* Debug */ = {
			isa = XCBuildConfiguration;
			buildSettings = {
				ALWAYS_SEARCH_USER_PATHS = NO;
				CLANG_CXX_LANGUAGE_STANDARD = "gnu++0x";
				CLANG_CXX_LIBRARY = "libc++";
				CLANG_ENABLE_MODULES = YES;
				CLANG_ENABLE_OBJC_ARC = YES;
				CLANG_WARN_BOOL_CONVERSION = YES;
				CLANG_WARN_CONSTANT_CONVERSION = YES;
				CLANG_WARN_DIRECT_OBJC_ISA_USAGE = YES_ERROR;
				CLANG_WARN_EMPTY_BODY = YES;
				CLANG_WARN_ENUM_CONVERSION = YES;
				CLANG_WARN_INT_CONVERSION = YES;
				CLANG_WARN_OBJC_ROOT_CLASS = YES_ERROR;
				CLANG_WARN_UNREACHABLE_CODE = YES;
				CLANG_WARN__DUPLICATE_METHOD_MATCH = YES;
				"CODE_SIGN_IDENTITY[sdk=iphoneos*]" = "iPhone Developer";
				COPY_PHASE_STRIP = NO;
				DEBUG_INFORMATION_FORMAT = dwarf;
				ENABLE_STRICT_OBJC_MSGSEND = YES;
				ENABLE_TESTABILITY = YES;
				GCC_C_LANGUAGE_STANDARD = gnu99;
				GCC_DYNAMIC_NO_PIC = NO;
				GCC_NO_COMMON_BLOCKS = YES;
				GCC_OPTIMIZATION_LEVEL = 0;
				GCC_PREPROCESSOR_DEFINITIONS = (
					"DEBUG=1",
					"$(inherited)",
				);
				GCC_WARN_64_TO_32_BIT_CONVERSION = YES;
				GCC_WARN_ABOUT_RETURN_TYPE = YES_ERROR;
				GCC_WARN_UNDECLARED_SELECTOR = YES;
				GCC_WARN_UNINITIALIZED_AUTOS = YES_AGGRESSIVE;
				GCC_WARN_UNUSED_FUNCTION = YES;
				GCC_WARN_UNUSED_VARIABLE = YES;
				IPHONEOS_DEPLOYMENT_TARGET = 9.2;
				MTL_ENABLE_DEBUG_INFO = YES;
				ONLY_ACTIVE_ARCH = YES;
				SDKROOT = iphoneos;
				SWIFT_OPTIMIZATION_LEVEL = "-Onone";
			};
			name = Debug;
		};
		A904C2931D349D7D00EAE86D /* Release */ = {
			isa = XCBuildConfiguration;
			buildSettings = {
				ALWAYS_SEARCH_USER_PATHS = NO;
				CLANG_CXX_LANGUAGE_STANDARD = "gnu++0x";
				CLANG_CXX_LIBRARY = "libc++";
				CLANG_ENABLE_MODULES = YES;
				CLANG_ENABLE_OBJC_ARC = YES;
				CLANG_WARN_BOOL_CONVERSION = YES;
				CLANG_WARN_CONSTANT_CONVERSION = YES;
				CLANG_WARN_DIRECT_OBJC_ISA_USAGE = YES_ERROR;
				CLANG_WARN_EMPTY_BODY = YES;
				CLANG_WARN_ENUM_CONVERSION = YES;
				CLANG_WARN_INT_CONVERSION = YES;
				CLANG_WARN_OBJC_ROOT_CLASS = YES_ERROR;
				CLANG_WARN_UNREACHABLE_CODE = YES;
				CLANG_WARN__DUPLICATE_METHOD_MATCH = YES;
				"CODE_SIGN_IDENTITY[sdk=iphoneos*]" = "iPhone Developer";
				COPY_PHASE_STRIP = NO;
				DEBUG_INFORMATION_FORMAT = "dwarf-with-dsym";
				ENABLE_NS_ASSERTIONS = NO;
				ENABLE_STRICT_OBJC_MSGSEND = YES;
				GCC_C_LANGUAGE_STANDARD = gnu99;
				GCC_NO_COMMON_BLOCKS = YES;
				GCC_WARN_64_TO_32_BIT_CONVERSION = YES;
				GCC_WARN_ABOUT_RETURN_TYPE = YES_ERROR;
				GCC_WARN_UNDECLARED_SELECTOR = YES;
				GCC_WARN_UNINITIALIZED_AUTOS = YES_AGGRESSIVE;
				GCC_WARN_UNUSED_FUNCTION = YES;
				GCC_WARN_UNUSED_VARIABLE = YES;
				IPHONEOS_DEPLOYMENT_TARGET = 9.2;
				MTL_ENABLE_DEBUG_INFO = NO;
				SDKROOT = iphoneos;
				VALIDATE_PRODUCT = YES;
			};
			name = Release;
		};
		A904C2951D349D7D00EAE86D /* Debug */ = {
			isa = XCBuildConfiguration;
			buildSettings = {
				ASSETCATALOG_COMPILER_APPICON_NAME = AppIcon;
				EMBEDDED_CONTENT_CONTAINS_SWIFT = YES;
				GCC_PRECOMPILE_PREFIX_HEADER = YES;
				GCC_PREFIX_HEADER = Template/PrefixHeader.pch;
				INFOPLIST_FILE = Template/Info.plist;
				IPHONEOS_DEPLOYMENT_TARGET = 8.0;
				LD_RUNPATH_SEARCH_PATHS = "$(inherited) @executable_path/Frameworks";
				OTHER_SWIFT_FLAGS = "-D PRODUCTION_VERSION";
				PRODUCT_BUNDLE_IDENTIFIER = com.movitech.Template;
				PRODUCT_NAME = "$(TARGET_NAME)";
			};
			name = Debug;
		};
		A904C2961D349D7D00EAE86D /* Release */ = {
			isa = XCBuildConfiguration;
			buildSettings = {
				ASSETCATALOG_COMPILER_APPICON_NAME = AppIcon;
				EMBEDDED_CONTENT_CONTAINS_SWIFT = YES;
				GCC_PRECOMPILE_PREFIX_HEADER = YES;
				GCC_PREFIX_HEADER = Template/PrefixHeader.pch;
				INFOPLIST_FILE = Template/Info.plist;
				IPHONEOS_DEPLOYMENT_TARGET = 8.0;
				LD_RUNPATH_SEARCH_PATHS = "$(inherited) @executable_path/Frameworks";
				OTHER_SWIFT_FLAGS = "-D PRODUCTION_VERSION";
				PRODUCT_BUNDLE_IDENTIFIER = com.movitech.Template;
				PRODUCT_NAME = "$(TARGET_NAME)";
			};
			name = Release;
		};
		A904C2A11D34BB5300EAE86D /* Debug */ = {
			isa = XCBuildConfiguration;
			buildSettings = {
				ASSETCATALOG_COMPILER_APPICON_NAME = AppIcon;
				EMBEDDED_CONTENT_CONTAINS_SWIFT = YES;
				GCC_PRECOMPILE_PREFIX_HEADER = YES;
				GCC_PREFIX_HEADER = Template/PrefixHeader.pch;
				INFOPLIST_FILE = "Template_UAT-Info.plist";
				IPHONEOS_DEPLOYMENT_TARGET = 8.0;
				LD_RUNPATH_SEARCH_PATHS = "$(inherited) @executable_path/Frameworks";
				OTHER_SWIFT_FLAGS = "-D UAT_VERSION";
				PRODUCT_BUNDLE_IDENTIFIER = com.movitech.Template;
				PRODUCT_NAME = "$(TARGET_NAME)";
			};
			name = Debug;
		};
		A904C2A21D34BB5300EAE86D /* Release */ = {
			isa = XCBuildConfiguration;
			buildSettings = {
				ASSETCATALOG_COMPILER_APPICON_NAME = AppIcon;
				EMBEDDED_CONTENT_CONTAINS_SWIFT = YES;
				GCC_PRECOMPILE_PREFIX_HEADER = YES;
				GCC_PREFIX_HEADER = Template/PrefixHeader.pch;
				INFOPLIST_FILE = "Template_UAT-Info.plist";
				IPHONEOS_DEPLOYMENT_TARGET = 8.0;
				LD_RUNPATH_SEARCH_PATHS = "$(inherited) @executable_path/Frameworks";
				OTHER_SWIFT_FLAGS = "-D UAT_VERSION";
				PRODUCT_BUNDLE_IDENTIFIER = com.movitech.Template;
				PRODUCT_NAME = "$(TARGET_NAME)";
			};
			name = Release;
		};
		A904C2B01D34BC8B00EAE86D /* Debug */ = {
			isa = XCBuildConfiguration;
			buildSettings = {
				ASSETCATALOG_COMPILER_APPICON_NAME = AppIcon;
				EMBEDDED_CONTENT_CONTAINS_SWIFT = YES;
				GCC_PRECOMPILE_PREFIX_HEADER = YES;
				GCC_PREFIX_HEADER = Template/PrefixHeader.pch;
				INFOPLIST_FILE = "Template_QA-Info.plist";
				IPHONEOS_DEPLOYMENT_TARGET = 8.1;
				LD_RUNPATH_SEARCH_PATHS = "$(inherited) @executable_path/Frameworks";
				OTHER_SWIFT_FLAGS = "-D QA_VERSION";
				PRODUCT_BUNDLE_IDENTIFIER = com.movitech.Template;
				PRODUCT_NAME = "$(TARGET_NAME)";
			};
			name = Debug;
		};
		A904C2B11D34BC8B00EAE86D /* Release */ = {
			isa = XCBuildConfiguration;
			buildSettings = {
				ASSETCATALOG_COMPILER_APPICON_NAME = AppIcon;
				EMBEDDED_CONTENT_CONTAINS_SWIFT = YES;
				GCC_PRECOMPILE_PREFIX_HEADER = YES;
				GCC_PREFIX_HEADER = Template/PrefixHeader.pch;
				INFOPLIST_FILE = "Template_QA-Info.plist";
				IPHONEOS_DEPLOYMENT_TARGET = 8.1;
				LD_RUNPATH_SEARCH_PATHS = "$(inherited) @executable_path/Frameworks";
				OTHER_SWIFT_FLAGS = "-D QA_VERSION";
				PRODUCT_BUNDLE_IDENTIFIER = com.movitech.Template;
				PRODUCT_NAME = "$(TARGET_NAME)";
			};
			name = Release;
		};
		A904C2C11D34BDAE00EAE86D /* Debug */ = {
			isa = XCBuildConfiguration;
			buildSettings = {
				ASSETCATALOG_COMPILER_APPICON_NAME = AppIcon;
				EMBEDDED_CONTENT_CONTAINS_SWIFT = YES;
				GCC_PRECOMPILE_PREFIX_HEADER = YES;
				GCC_PREFIX_HEADER = Template/PrefixHeader.pch;
				INFOPLIST_FILE = "Template_DEV-Info.plist";
				IPHONEOS_DEPLOYMENT_TARGET = 8.0;
				LD_RUNPATH_SEARCH_PATHS = "$(inherited) @executable_path/Frameworks";
				OTHER_SWIFT_FLAGS = "-D DEV_VERSION";
				PRODUCT_BUNDLE_IDENTIFIER = com.movitech.Template;
				PRODUCT_NAME = "$(TARGET_NAME)";
			};
			name = Debug;
		};
		A904C2C21D34BDAE00EAE86D /* Release */ = {
			isa = XCBuildConfiguration;
			buildSettings = {
				ASSETCATALOG_COMPILER_APPICON_NAME = AppIcon;
				EMBEDDED_CONTENT_CONTAINS_SWIFT = YES;
				GCC_PRECOMPILE_PREFIX_HEADER = YES;
				GCC_PREFIX_HEADER = Template/PrefixHeader.pch;
				INFOPLIST_FILE = "Template_DEV-Info.plist";
				IPHONEOS_DEPLOYMENT_TARGET = 8.0;
				LD_RUNPATH_SEARCH_PATHS = "$(inherited) @executable_path/Frameworks";
				OTHER_SWIFT_FLAGS = "-D DEV_VERSION";
				PRODUCT_BUNDLE_IDENTIFIER = com.movitech.Template;
				PRODUCT_NAME = "$(TARGET_NAME)";
			};
			name = Release;
		};
/* End XCBuildConfiguration section */

/* Begin XCConfigurationList section */
		A904C27D1D349D7D00EAE86D /* Build configuration list for PBXProject "Template" */ = {
			isa = XCConfigurationList;
			buildConfigurations = (
				A904C2921D349D7D00EAE86D /* Debug */,
				A904C2931D349D7D00EAE86D /* Release */,
			);
			defaultConfigurationIsVisible = 0;
			defaultConfigurationName = Release;
		};
		A904C2941D349D7D00EAE86D /* Build configuration list for PBXNativeTarget "Template" */ = {
			isa = XCConfigurationList;
			buildConfigurations = (
				A904C2951D349D7D00EAE86D /* Debug */,
				A904C2961D349D7D00EAE86D /* Release */,
			);
			defaultConfigurationIsVisible = 0;
			defaultConfigurationName = Release;
		};
		A904C2A01D34BB5300EAE86D /* Build configuration list for PBXNativeTarget "Template_UAT" */ = {
			isa = XCConfigurationList;
			buildConfigurations = (
				A904C2A11D34BB5300EAE86D /* Debug */,
				A904C2A21D34BB5300EAE86D /* Release */,
			);
			defaultConfigurationIsVisible = 0;
			defaultConfigurationName = Release;
		};
		A904C2AF1D34BC8B00EAE86D /* Build configuration list for PBXNativeTarget "Template_QA" */ = {
			isa = XCConfigurationList;
			buildConfigurations = (
				A904C2B01D34BC8B00EAE86D /* Debug */,
				A904C2B11D34BC8B00EAE86D /* Release */,
			);
			defaultConfigurationIsVisible = 0;
			defaultConfigurationName = Release;
		};
		A904C2C01D34BDAE00EAE86D /* Build configuration list for PBXNativeTarget "Template_DEV" */ = {
			isa = XCConfigurationList;
			buildConfigurations = (
				A904C2C11D34BDAE00EAE86D /* Debug */,
				A904C2C21D34BDAE00EAE86D /* Release */,
			);
			defaultConfigurationIsVisible = 0;
			defaultConfigurationName = Release;
		};
/* End XCConfigurationList section */
	};
	rootObject = A904C27A1D349D7D00EAE86D /* Project object */;
}
